// !$*UTF8*$!
{
	archiveVersion = 1;
	classes = {
	};
	objectVersion = 46;
	objects = {

/* Begin PBXBuildFile section */
		8F2EB2391E9C9E44001C587D /* AppDelegate.swift in Sources */ = {isa = PBXBuildFile; fileRef = 8F2EB2381E9C9E44001C587D /* AppDelegate.swift */; };
		8F2EB23E1E9C9E44001C587D /* Main.storyboard in Resources */ = {isa = PBXBuildFile; fileRef = 8F2EB23C1E9C9E44001C587D /* Main.storyboard */; };
		8F2EB2401E9C9E44001C587D /* Assets.xcassets in Resources */ = {isa = PBXBuildFile; fileRef = 8F2EB23F1E9C9E44001C587D /* Assets.xcassets */; };
		8F2EB2431E9C9E44001C587D /* LaunchScreen.storyboard in Resources */ = {isa = PBXBuildFile; fileRef = 8F2EB2411E9C9E44001C587D /* LaunchScreen.storyboard */; };
		8F2EB24B1E9CA015001C587D /* LoginViewController.swift in Sources */ = {isa = PBXBuildFile; fileRef = 8F2EB24A1E9CA015001C587D /* LoginViewController.swift */; };
		8F2EB2501E9DE1CF001C587D /* User.swift in Sources */ = {isa = PBXBuildFile; fileRef = 8F2EB24F1E9DE1CF001C587D /* User.swift */; };
		8F2EB2521E9DE1D7001C587D /* Tweet.swift in Sources */ = {isa = PBXBuildFile; fileRef = 8F2EB2511E9DE1D7001C587D /* Tweet.swift */; };
		8F2EB2541E9DEB25001C587D /* TwitterClient.swift in Sources */ = {isa = PBXBuildFile; fileRef = 8F2EB2531E9DEB25001C587D /* TwitterClient.swift */; };
		8F2EB2561E9DF4F8001C587D /* TweetsViewController.swift in Sources */ = {isa = PBXBuildFile; fileRef = 8F2EB2551E9DF4F8001C587D /* TweetsViewController.swift */; };
		8F2EB2581E9F4AD2001C587D /* TweetsTableViewCell.swift in Sources */ = {isa = PBXBuildFile; fileRef = 8F2EB2571E9F4AD2001C587D /* TweetsTableViewCell.swift */; };
		8F5976C81EA1A9930076992B /* TweetDetailsViewController.swift in Sources */ = {isa = PBXBuildFile; fileRef = 8F5976C71EA1A9930076992B /* TweetDetailsViewController.swift */; };
		8F5976CA1EA1D8E80076992B /* NewTweetViewController.swift in Sources */ = {isa = PBXBuildFile; fileRef = 8F5976C91EA1D8E80076992B /* NewTweetViewController.swift */; };
		8F5976D21EAD80D70076992B /* MenuViewController.swift in Sources */ = {isa = PBXBuildFile; fileRef = 8F5976D11EAD80D70076992B /* MenuViewController.swift */; };
		8F5976D51EAD83010076992B /* ProfileViewController.swift in Sources */ = {isa = PBXBuildFile; fileRef = 8F5976D41EAD83010076992B /* ProfileViewController.swift */; };
		8F5976D71EAD83170076992B /* MentionsViewController.swift in Sources */ = {isa = PBXBuildFile; fileRef = 8F5976D61EAD83170076992B /* MentionsViewController.swift */; };
		8F5976D91EAD85540076992B /* MenuTableViewCell.swift in Sources */ = {isa = PBXBuildFile; fileRef = 8F5976D81EAD85540076992B /* MenuTableViewCell.swift */; };
		8F5976DB1EAD89A30076992B /* HamburgerViewController.swift in Sources */ = {isa = PBXBuildFile; fileRef = 8F5976DA1EAD89A30076992B /* HamburgerViewController.swift */; };
		8F5976DD1EADC0E80076992B /* HeaderTableViewCell.swift in Sources */ = {isa = PBXBuildFile; fileRef = 8F5976DC1EADC0E80076992B /* HeaderTableViewCell.swift */; };
		BF579154D215282B76937497 /* Pods_Twitter_Demo.framework in Frameworks */ = {isa = PBXBuildFile; fileRef = 18534436A0C4762982EF82F1 /* Pods_Twitter_Demo.framework */; };
/* End PBXBuildFile section */

/* Begin PBXFileReference section */
		18534436A0C4762982EF82F1 /* Pods_Twitter_Demo.framework */ = {isa = PBXFileReference; explicitFileType = wrapper.framework; includeInIndex = 0; path = Pods_Twitter_Demo.framework; sourceTree = BUILT_PRODUCTS_DIR; };
		4AF6A61188F001A31346DC97 /* Pods-Twitter Demo.debug.xcconfig */ = {isa = PBXFileReference; includeInIndex = 1; lastKnownFileType = text.xcconfig; name = "Pods-Twitter Demo.debug.xcconfig"; path = "Pods/Target Support Files/Pods-Twitter Demo/Pods-Twitter Demo.debug.xcconfig"; sourceTree = "<group>"; };
		8F2EB2351E9C9E44001C587D /* Twitter Demo.app */ = {isa = PBXFileReference; explicitFileType = wrapper.application; includeInIndex = 0; path = "Twitter Demo.app"; sourceTree = BUILT_PRODUCTS_DIR; };
		8F2EB2381E9C9E44001C587D /* AppDelegate.swift */ = {isa = PBXFileReference; lastKnownFileType = sourcecode.swift; path = AppDelegate.swift; sourceTree = "<group>"; };
		8F2EB23D1E9C9E44001C587D /* Base */ = {isa = PBXFileReference; lastKnownFileType = file.storyboard; name = Base; path = Base.lproj/Main.storyboard; sourceTree = "<group>"; };
		8F2EB23F1E9C9E44001C587D /* Assets.xcassets */ = {isa = PBXFileReference; lastKnownFileType = folder.assetcatalog; path = Assets.xcassets; sourceTree = "<group>"; };
		8F2EB2421E9C9E44001C587D /* Base */ = {isa = PBXFileReference; lastKnownFileType = file.storyboard; name = Base; path = Base.lproj/LaunchScreen.storyboard; sourceTree = "<group>"; };
		8F2EB2441E9C9E44001C587D /* Info.plist */ = {isa = PBXFileReference; lastKnownFileType = text.plist.xml; path = Info.plist; sourceTree = "<group>"; };
		8F2EB24A1E9CA015001C587D /* LoginViewController.swift */ = {isa = PBXFileReference; fileEncoding = 4; lastKnownFileType = sourcecode.swift; path = LoginViewController.swift; sourceTree = "<group>"; };
		8F2EB24F1E9DE1CF001C587D /* User.swift */ = {isa = PBXFileReference; fileEncoding = 4; lastKnownFileType = sourcecode.swift; path = User.swift; sourceTree = "<group>"; };
		8F2EB2511E9DE1D7001C587D /* Tweet.swift */ = {isa = PBXFileReference; fileEncoding = 4; lastKnownFileType = sourcecode.swift; path = Tweet.swift; sourceTree = "<group>"; };
		8F2EB2531E9DEB25001C587D /* TwitterClient.swift */ = {isa = PBXFileReference; fileEncoding = 4; lastKnownFileType = sourcecode.swift; path = TwitterClient.swift; sourceTree = "<group>"; };
		8F2EB2551E9DF4F8001C587D /* TweetsViewController.swift */ = {isa = PBXFileReference; fileEncoding = 4; lastKnownFileType = sourcecode.swift; path = TweetsViewController.swift; sourceTree = "<group>"; };
		8F2EB2571E9F4AD2001C587D /* TweetsTableViewCell.swift */ = {isa = PBXFileReference; fileEncoding = 4; lastKnownFileType = sourcecode.swift; path = TweetsTableViewCell.swift; sourceTree = "<group>"; };
		8F5976C71EA1A9930076992B /* TweetDetailsViewController.swift */ = {isa = PBXFileReference; fileEncoding = 4; lastKnownFileType = sourcecode.swift; path = TweetDetailsViewController.swift; sourceTree = "<group>"; };
		8F5976C91EA1D8E80076992B /* NewTweetViewController.swift */ = {isa = PBXFileReference; fileEncoding = 4; lastKnownFileType = sourcecode.swift; path = NewTweetViewController.swift; sourceTree = "<group>"; };
		8F5976D11EAD80D70076992B /* MenuViewController.swift */ = {isa = PBXFileReference; fileEncoding = 4; lastKnownFileType = sourcecode.swift; path = MenuViewController.swift; sourceTree = "<group>"; };
		8F5976D41EAD83010076992B /* ProfileViewController.swift */ = {isa = PBXFileReference; fileEncoding = 4; lastKnownFileType = sourcecode.swift; path = ProfileViewController.swift; sourceTree = "<group>"; };
		8F5976D61EAD83170076992B /* MentionsViewController.swift */ = {isa = PBXFileReference; fileEncoding = 4; lastKnownFileType = sourcecode.swift; path = MentionsViewController.swift; sourceTree = "<group>"; };
		8F5976D81EAD85540076992B /* MenuTableViewCell.swift */ = {isa = PBXFileReference; fileEncoding = 4; lastKnownFileType = sourcecode.swift; path = MenuTableViewCell.swift; sourceTree = "<group>"; };
		8F5976DA1EAD89A30076992B /* HamburgerViewController.swift */ = {isa = PBXFileReference; fileEncoding = 4; lastKnownFileType = sourcecode.swift; path = HamburgerViewController.swift; sourceTree = "<group>"; };
		8F5976DC1EADC0E80076992B /* HeaderTableViewCell.swift */ = {isa = PBXFileReference; fileEncoding = 4; lastKnownFileType = sourcecode.swift; path = HeaderTableViewCell.swift; sourceTree = "<group>"; };
		E28F39A1BE8A5604CCB2B774 /* Pods-Twitter Demo.release.xcconfig */ = {isa = PBXFileReference; includeInIndex = 1; lastKnownFileType = text.xcconfig; name = "Pods-Twitter Demo.release.xcconfig"; path = "Pods/Target Support Files/Pods-Twitter Demo/Pods-Twitter Demo.release.xcconfig"; sourceTree = "<group>"; };
/* End PBXFileReference section */

/* Begin PBXFrameworksBuildPhase section */
		8F2EB2321E9C9E44001C587D /* Frameworks */ = {
			isa = PBXFrameworksBuildPhase;
			buildActionMask = 2147483647;
			files = (
				BF579154D215282B76937497 /* Pods_Twitter_Demo.framework in Frameworks */,
			);
			runOnlyForDeploymentPostprocessing = 0;
		};
/* End PBXFrameworksBuildPhase section */

/* Begin PBXGroup section */
		623705CF8D398B0C916593BB /* Frameworks */ = {
			isa = PBXGroup;
			children = (
				18534436A0C4762982EF82F1 /* Pods_Twitter_Demo.framework */,
			);
			name = Frameworks;
			sourceTree = "<group>";
		};
		8F2EB22C1E9C9E44001C587D = {
			isa = PBXGroup;
			children = (
				8F2EB2371E9C9E44001C587D /* Twitter Demo */,
				8F2EB2361E9C9E44001C587D /* Products */,
				B51D8FFEB204EF304510CD76 /* Pods */,
				623705CF8D398B0C916593BB /* Frameworks */,
			);
			sourceTree = "<group>";
		};
		8F2EB2361E9C9E44001C587D /* Products */ = {
			isa = PBXGroup;
			children = (
				8F2EB2351E9C9E44001C587D /* Twitter Demo.app */,
			);
			name = Products;
			sourceTree = "<group>";
		};
		8F2EB2371E9C9E44001C587D /* Twitter Demo */ = {
			isa = PBXGroup;
			children = (
				8F5976D31EAD82CB0076992B /* Views */,
				8F2EB24E1E9DE19C001C587D /* API */,
				8F2EB24D1E9DE190001C587D /* ViewControllers */,
				8F2EB24C1E9DE18A001C587D /* Models */,
				8F2EB2381E9C9E44001C587D /* AppDelegate.swift */,
				8F2EB23C1E9C9E44001C587D /* Main.storyboard */,
				8F2EB23F1E9C9E44001C587D /* Assets.xcassets */,
				8F2EB2411E9C9E44001C587D /* LaunchScreen.storyboard */,
				8F2EB2441E9C9E44001C587D /* Info.plist */,
			);
			path = "Twitter Demo";
			sourceTree = "<group>";
		};
		8F2EB24C1E9DE18A001C587D /* Models */ = {
			isa = PBXGroup;
			children = (
				8F2EB24F1E9DE1CF001C587D /* User.swift */,
				8F2EB2511E9DE1D7001C587D /* Tweet.swift */,
			);
			name = Models;
			sourceTree = "<group>";
		};
		8F2EB24D1E9DE190001C587D /* ViewControllers */ = {
			isa = PBXGroup;
			children = (
				8F2EB24A1E9CA015001C587D /* LoginViewController.swift */,
				8F2EB2551E9DF4F8001C587D /* TweetsViewController.swift */,
				8F5976C71EA1A9930076992B /* TweetDetailsViewController.swift */,
				8F5976C91EA1D8E80076992B /* NewTweetViewController.swift */,
				8F5976D41EAD83010076992B /* ProfileViewController.swift */,
				8F5976D61EAD83170076992B /* MentionsViewController.swift */,
				8F5976D11EAD80D70076992B /* MenuViewController.swift */,
				8F5976DA1EAD89A30076992B /* HamburgerViewController.swift */,
			);
			name = ViewControllers;
			sourceTree = "<group>";
		};
		8F2EB24E1E9DE19C001C587D /* API */ = {
			isa = PBXGroup;
			children = (
				8F2EB2531E9DEB25001C587D /* TwitterClient.swift */,
			);
			name = API;
			sourceTree = "<group>";
		};
		8F5976D31EAD82CB0076992B /* Views */ = {
			isa = PBXGroup;
			children = (
				8F2EB2571E9F4AD2001C587D /* TweetsTableViewCell.swift */,
				8F5976D81EAD85540076992B /* MenuTableViewCell.swift */,
				8F5976DC1EADC0E80076992B /* HeaderTableViewCell.swift */,
			);
			name = Views;
			sourceTree = "<group>";
		};
		B51D8FFEB204EF304510CD76 /* Pods */ = {
			isa = PBXGroup;
			children = (
				4AF6A61188F001A31346DC97 /* Pods-Twitter Demo.debug.xcconfig */,
				E28F39A1BE8A5604CCB2B774 /* Pods-Twitter Demo.release.xcconfig */,
			);
			name = Pods;
			sourceTree = "<group>";
		};
/* End PBXGroup section */

/* Begin PBXNativeTarget section */
		8F2EB2341E9C9E44001C587D /* Twitter Demo */ = {
			isa = PBXNativeTarget;
			buildConfigurationList = 8F2EB2471E9C9E44001C587D /* Build configuration list for PBXNativeTarget "Twitter Demo" */;
			buildPhases = (
				B7C2B4464B3A4EAEB75345F6 /* [CP] Check Pods Manifest.lock */,
				8F2EB2311E9C9E44001C587D /* Sources */,
				8F2EB2321E9C9E44001C587D /* Frameworks */,
				8F2EB2331E9C9E44001C587D /* Resources */,
				1135C676B5DBF61C91C0F044 /* [CP] Embed Pods Frameworks */,
				9839D65ADD65EDBDBB18A4E5 /* [CP] Copy Pods Resources */,
			);
			buildRules = (
			);
			dependencies = (
			);
			name = "Twitter Demo";
			productName = "Twitter Demo";
			productReference = 8F2EB2351E9C9E44001C587D /* Twitter Demo.app */;
			productType = "com.apple.product-type.application";
		};
/* End PBXNativeTarget section */

/* Begin PBXProject section */
		8F2EB22D1E9C9E44001C587D /* Project object */ = {
			isa = PBXProject;
			attributes = {
				LastSwiftUpdateCheck = 0830;
				LastUpgradeCheck = 0830;
				ORGANIZATIONNAME = "Fateh Singh";
				TargetAttributes = {
					8F2EB2341E9C9E44001C587D = {
						CreatedOnToolsVersion = 8.3;
						ProvisioningStyle = Automatic;
					};
				};
			};
			buildConfigurationList = 8F2EB2301E9C9E44001C587D /* Build configuration list for PBXProject "Twitter Demo" */;
			compatibilityVersion = "Xcode 3.2";
			developmentRegion = English;
			hasScannedForEncodings = 0;
			knownRegions = (
				en,
				Base,
			);
			mainGroup = 8F2EB22C1E9C9E44001C587D;
			productRefGroup = 8F2EB2361E9C9E44001C587D /* Products */;
			projectDirPath = "";
			projectRoot = "";
			targets = (
				8F2EB2341E9C9E44001C587D /* Twitter Demo */,
			);
		};
/* End PBXProject section */

/* Begin PBXResourcesBuildPhase section */
		8F2EB2331E9C9E44001C587D /* Resources */ = {
			isa = PBXResourcesBuildPhase;
			buildActionMask = 2147483647;
			files = (
				8F2EB2431E9C9E44001C587D /* LaunchScreen.storyboard in Resources */,
				8F2EB2401E9C9E44001C587D /* Assets.xcassets in Resources */,
				8F2EB23E1E9C9E44001C587D /* Main.storyboard in Resources */,
			);
			runOnlyForDeploymentPostprocessing = 0;
		};
/* End PBXResourcesBuildPhase section */

/* Begin PBXShellScriptBuildPhase section */
		1135C676B5DBF61C91C0F044 /* [CP] Embed Pods Frameworks */ = {
			isa = PBXShellScriptBuildPhase;
			buildActionMask = 2147483647;
			files = (
			);
			inputPaths = (
			);
			name = "[CP] Embed Pods Frameworks";
			outputPaths = (
			);
			runOnlyForDeploymentPostprocessing = 0;
			shellPath = /bin/sh;
			shellScript = "\"${SRCROOT}/Pods/Target Support Files/Pods-Twitter Demo/Pods-Twitter Demo-frameworks.sh\"\n";
			showEnvVarsInLog = 0;
		};
		9839D65ADD65EDBDBB18A4E5 /* [CP] Copy Pods Resources */ = {
			isa = PBXShellScriptBuildPhase;
			buildActionMask = 2147483647;
			files = (
			);
			inputPaths = (
			);
			name = "[CP] Copy Pods Resources";
			outputPaths = (
			);
			runOnlyForDeploymentPostprocessing = 0;
			shellPath = /bin/sh;
			shellScript = "\"${SRCROOT}/Pods/Target Support Files/Pods-Twitter Demo/Pods-Twitter Demo-resources.sh\"\n";
			showEnvVarsInLog = 0;
		};
		B7C2B4464B3A4EAEB75345F6 /* [CP] Check Pods Manifest.lock */ = {
			isa = PBXShellScriptBuildPhase;
			buildActionMask = 2147483647;
			files = (
			);
			inputPaths = (
			);
			name = "[CP] Check Pods Manifest.lock";
			outputPaths = (
			);
			runOnlyForDeploymentPostprocessing = 0;
			shellPath = /bin/sh;
			shellScript = "diff \"${PODS_ROOT}/../Podfile.lock\" \"${PODS_ROOT}/Manifest.lock\" > /dev/null\nif [ $? != 0 ] ; then\n    # print error to STDERR\n    echo \"error: The sandbox is not in sync with the Podfile.lock. Run 'pod install' or update your CocoaPods installation.\" >&2\n    exit 1\nfi\n";
			showEnvVarsInLog = 0;
		};
/* End PBXShellScriptBuildPhase section */

/* Begin PBXSourcesBuildPhase section */
		8F2EB2311E9C9E44001C587D /* Sources */ = {
			isa = PBXSourcesBuildPhase;
			buildActionMask = 2147483647;
			files = (
				8F2EB2541E9DEB25001C587D /* TwitterClient.swift in Sources */,
				8F5976DD1EADC0E80076992B /* HeaderTableViewCell.swift in Sources */,
				8F5976D21EAD80D70076992B /* MenuViewController.swift in Sources */,
				8F2EB2581E9F4AD2001C587D /* TweetsTableViewCell.swift in Sources */,
				8F2EB24B1E9CA015001C587D /* LoginViewController.swift in Sources */,
				8F2EB2561E9DF4F8001C587D /* TweetsViewController.swift in Sources */,
				8F5976C81EA1A9930076992B /* TweetDetailsViewController.swift in Sources */,
				8F5976DB1EAD89A30076992B /* HamburgerViewController.swift in Sources */,
				8F5976D51EAD83010076992B /* ProfileViewController.swift in Sources */,
				8F2EB2391E9C9E44001C587D /* AppDelegate.swift in Sources */,
				8F2EB2501E9DE1CF001C587D /* User.swift in Sources */,
				8F5976D91EAD85540076992B /* MenuTableViewCell.swift in Sources */,
				8F5976CA1EA1D8E80076992B /* NewTweetViewController.swift in Sources */,
				8F2EB2521E9DE1D7001C587D /* Tweet.swift in Sources */,
				8F5976D71EAD83170076992B /* MentionsViewController.swift in Sources */,
			);
			runOnlyForDeploymentPostprocessing = 0;
		};
/* End PBXSourcesBuildPhase section */

/* Begin PBXVariantGroup section */
		8F2EB23C1E9C9E44001C587D /* Main.storyboard */ = {
			isa = PBXVariantGroup;
			children = (
				8F2EB23D1E9C9E44001C587D /* Base */,
			);
			name = Main.storyboard;
			sourceTree = "<group>";
		};
		8F2EB2411E9C9E44001C587D /* LaunchScreen.storyboard */ = {
			isa = PBXVariantGroup;
			children = (
				8F2EB2421E9C9E44001C587D /* Base */,
			);
			name = LaunchScreen.storyboard;
			sourceTree = "<group>";
		};
/* End PBXVariantGroup section */

/* Begin XCBuildConfiguration section */
		8F2EB2451E9C9E44001C587D /* Debug */ = {
			isa = XCBuildConfiguration;
			buildSettings = {
				ALWAYS_SEARCH_USER_PATHS = NO;
				CLANG_ANALYZER_NONNULL = YES;
				CLANG_ANALYZER_NUMBER_OBJECT_CONVERSION = YES_AGGRESSIVE;
				CLANG_CXX_LANGUAGE_STANDARD = "gnu++0x";
				CLANG_CXX_LIBRARY = "libc++";
				CLANG_ENABLE_MODULES = YES;
				CLANG_ENABLE_OBJC_ARC = YES;
				CLANG_WARN_BOOL_CONVERSION = YES;
				CLANG_WARN_CONSTANT_CONVERSION = YES;
				CLANG_WARN_DIRECT_OBJC_ISA_USAGE = YES_ERROR;
				CLANG_WARN_DOCUMENTATION_COMMENTS = YES;
				CLANG_WARN_EMPTY_BODY = YES;
				CLANG_WARN_ENUM_CONVERSION = YES;
				CLANG_WARN_INFINITE_RECURSION = YES;
				CLANG_WARN_INT_CONVERSION = YES;
				CLANG_WARN_OBJC_ROOT_CLASS = YES_ERROR;
				CLANG_WARN_SUSPICIOUS_MOVE = YES;
				CLANG_WARN_UNREACHABLE_CODE = YES;
				CLANG_WARN__DUPLICATE_METHOD_MATCH = YES;
				"CODE_SIGN_IDENTITY[sdk=iphoneos*]" = "iPhone Developer";
				COPY_PHASE_STRIP = NO;
				DEBUG_INFORMATION_FORMAT = dwarf;
				ENABLE_STRICT_OBJC_MSGSEND = YES;
				ENABLE_TESTABILITY = YES;
				GCC_C_LANGUAGE_STANDARD = gnu99;
				GCC_DYNAMIC_NO_PIC = NO;
				GCC_NO_COMMON_BLOCKS = YES;
				GCC_OPTIMIZATION_LEVEL = 0;
				GCC_PREPROCESSOR_DEFINITIONS = (
					"DEBUG=1",
					"$(inherited)",
				);
				GCC_WARN_64_TO_32_BIT_CONVERSION = YES;
				GCC_WARN_ABOUT_RETURN_TYPE = YES_ERROR;
				GCC_WARN_UNDECLARED_SELECTOR = YES;
				GCC_WARN_UNINITIALIZED_AUTOS = YES_AGGRESSIVE;
				GCC_WARN_UNUSED_FUNCTION = YES;
				GCC_WARN_UNUSED_VARIABLE = YES;
				IPHONEOS_DEPLOYMENT_TARGET = 10.3;
				MTL_ENABLE_DEBUG_INFO = YES;
				ONLY_ACTIVE_ARCH = YES;
				SDKROOT = iphoneos;
				SWIFT_ACTIVE_COMPILATION_CONDITIONS = DEBUG;
				SWIFT_OPTIMIZATION_LEVEL = "-Onone";
			};
			name = Debug;
		};
		8F2EB2461E9C9E44001C587D /* Release */ = {
			isa = XCBuildConfiguration;
			buildSettings = {
				ALWAYS_SEARCH_USER_PATHS = NO;
				CLANG_ANALYZER_NONNULL = YES;
				CLANG_ANALYZER_NUMBER_OBJECT_CONVERSION = YES_AGGRESSIVE;
				CLANG_CXX_LANGUAGE_STANDARD = "gnu++0x";
				CLANG_CXX_LIBRARY = "libc++";
				CLANG_ENABLE_MODULES = YES;
				CLANG_ENABLE_OBJC_ARC = YES;
				CLANG_WARN_BOOL_CONVERSION = YES;
				CLANG_WARN_CONSTANT_CONVERSION = YES;
				CLANG_WARN_DIRECT_OBJC_ISA_USAGE = YES_ERROR;
				CLANG_WARN_DOCUMENTATION_COMMENTS = YES;
				CLANG_WARN_EMPTY_BODY = YES;
				CLANG_WARN_ENUM_CONVERSION = YES;
				CLANG_WARN_INFINITE_RECURSION = YES;
				CLANG_WARN_INT_CONVERSION = YES;
				CLANG_WARN_OBJC_ROOT_CLASS = YES_ERROR;
				CLANG_WARN_SUSPICIOUS_MOVE = YES;
				CLANG_WARN_UNREACHABLE_CODE = YES;
				CLANG_WARN__DUPLICATE_METHOD_MATCH = YES;
				"CODE_SIGN_IDENTITY[sdk=iphoneos*]" = "iPhone Developer";
				COPY_PHASE_STRIP = NO;
				DEBUG_INFORMATION_FORMAT = "dwarf-with-dsym";
				ENABLE_NS_ASSERTIONS = NO;
				ENABLE_STRICT_OBJC_MSGSEND = YES;
				GCC_C_LANGUAGE_STANDARD = gnu99;
				GCC_NO_COMMON_BLOCKS = YES;
				GCC_WARN_64_TO_32_BIT_CONVERSION = YES;
				GCC_WARN_ABOUT_RETURN_TYPE = YES_ERROR;
				GCC_WARN_UNDECLARED_SELECTOR = YES;
				GCC_WARN_UNINITIALIZED_AUTOS = YES_AGGRESSIVE;
				GCC_WARN_UNUSED_FUNCTION = YES;
				GCC_WARN_UNUSED_VARIABLE = YES;
				IPHONEOS_DEPLOYMENT_TARGET = 10.3;
				MTL_ENABLE_DEBUG_INFO = NO;
				SDKROOT = iphoneos;
				SWIFT_OPTIMIZATION_LEVEL = "-Owholemodule";
				VALIDATE_PRODUCT = YES;
			};
			name = Release;
		};
		8F2EB2481E9C9E44001C587D /* Debug */ = {
			isa = XCBuildConfiguration;
			baseConfigurationReference = 4AF6A61188F001A31346DC97 /* Pods-Twitter Demo.debug.xcconfig */;
			buildSettings = {
				ASSETCATALOG_COMPILER_APPICON_NAME = AppIcon;
				INFOPLIST_FILE = "Twitter Demo/Info.plist";
				LD_RUNPATH_SEARCH_PATHS = "$(inherited) @executable_path/Frameworks";
				PRODUCT_BUNDLE_IDENTIFIER = "fs.Twitter-Demo";
				PRODUCT_NAME = "$(TARGET_NAME)";
				SWIFT_VERSION = 3.0;
			};
			name = Debug;
		};
		8F2EB2491E9C9E44001C587D /* Release */ = {
			isa = XCBuildConfiguration;
			baseConfigurationReference = E28F39A1BE8A5604CCB2B774 /* Pods-Twitter Demo.release.xcconfig */;
			buildSettings = {
				ASSETCATALOG_COMPILER_APPICON_NAME = AppIcon;
				INFOPLIST_FILE = "Twitter Demo/Info.plist";
				LD_RUNPATH_SEARCH_PATHS = "$(inherited) @executable_path/Frameworks";
				PRODUCT_BUNDLE_IDENTIFIER = "fs.Twitter-Demo";
				PRODUCT_NAME = "$(TARGET_NAME)";
				SWIFT_VERSION = 3.0;
			};
			name = Release;
		};
/* End XCBuildConfiguration section */

/* Begin XCConfigurationList section */
		8F2EB2301E9C9E44001C587D /* Build configuration list for PBXProject "Twitter Demo" */ = {
			isa = XCConfigurationList;
			buildConfigurations = (
				8F2EB2451E9C9E44001C587D /* Debug */,
				8F2EB2461E9C9E44001C587D /* Release */,
			);
			defaultConfigurationIsVisible = 0;
			defaultConfigurationName = Release;
		};
		8F2EB2471E9C9E44001C587D /* Build configuration list for PBXNativeTarget "Twitter Demo" */ = {
			isa = XCConfigurationList;
			buildConfigurations = (
				8F2EB2481E9C9E44001C587D /* Debug */,
				8F2EB2491E9C9E44001C587D /* Release */,
			);
			defaultConfigurationIsVisible = 0;
			defaultConfigurationName = Release;
		};
/* End XCConfigurationList section */
	};
	rootObject = 8F2EB22D1E9C9E44001C587D /* Project object */;
}
